
Microsoft Visual Studio Solution File, Format Version 12.00
# Visual Studio Version 17
VisualStudioVersion = 17.3.32819.101
MinimumVisualStudioVersion = 10.0.40219.1
Project("{9A19103F-16F7-4668-BE54-9A1E7A4F7556}") = "Labb3_ConsoleApp", "Labb3_ConsoleApp\Labb3_ConsoleApp.csproj", "{08BCCCD4-6990-410B-86FB-462EFB96A7C3}"
EndProject
Project("{9A19103F-16F7-4668-BE54-9A1E7A4F7556}") = "Labb3_WordList", "Labb3_WordList\Labb3_WordList.csproj", "{1D878254-5920-4286-A30E-F70AC9C93E79}"
EndProject
Project("{9A19103F-16F7-4668-BE54-9A1E7A4F7556}") = "Labb3_WinForms", "Labb3_WinForms\Labb3_WinForms.csproj", "{D2B309E3-C300-43C4-98CF-53C2DC3BA8BA}"
EndProject
Global
	GlobalSection(SolutionConfigurationPlatforms) = preSolution
		Debug|Any CPU = Debug|Any CPU
		Release|Any CPU = Release|Any CPU
	EndGlobalSection
	GlobalSection(ProjectConfigurationPlatforms) = postSolution
		{08BCCCD4-6990-410B-86FB-462EFB96A7C3}.Debug|Any CPU.ActiveCfg = Debug|Any CPU
		{08BCCCD4-6990-410B-86FB-462EFB96A7C3}.Debug|Any CPU.Build.0 = Debug|Any CPU
		{08BCCCD4-6990-410B-86FB-462EFB96A7C3}.Release|Any CPU.ActiveCfg = Release|Any CPU
		{08BCCCD4-6990-410B-86FB-462EFB96A7C3}.Release|Any CPU.Build.0 = Release|Any CPU
		{1D878254-5920-4286-A30E-F70AC9C93E79}.Debug|Any CPU.ActiveCfg = Debug|Any CPU
		{1D878254-5920-4286-A30E-F70AC9C93E79}.Debug|Any CPU.Build.0 = Debug|Any CPU
		{1D878254-5920-4286-A30E-F70AC9C93E79}.Release|Any CPU.ActiveCfg = Release|Any CPU
		{1D878254-5920-4286-A30E-F70AC9C93E79}.Release|Any CPU.Build.0 = Release|Any CPU
		{D2B309E3-C300-43C4-98CF-53C2DC3BA8BA}.Debug|Any CPU.ActiveCfg = Debug|Any CPU
		{D2B309E3-C300-43C4-98CF-53C2DC3BA8BA}.Debug|Any CPU.Build.0 = Debug|Any CPU
		{D2B309E3-C300-43C4-98CF-53C2DC3BA8BA}.Release|Any CPU.ActiveCfg = Release|Any CPU
		{D2B309E3-C300-43C4-98CF-53C2DC3BA8BA}.Release|Any CPU.Build.0 = Release|Any CPU
	EndGlobalSection
	GlobalSection(SolutionProperties) = preSolution
		HideSolutionNode = FALSE
	EndGlobalSection
	GlobalSection(ExtensibilityGlobals) = postSolution
		SolutionGuid = {7DBB65EB-3FA0-437B-A5F1-6D84F6E09DF2}
	EndGlobalSection
EndGlobal
